
Microsoft Visual Studio Solution File, Format Version 12.00
# Visual Studio Version 17
VisualStudioVersion = 17.7.34024.191
MinimumVisualStudioVersion = 10.0.40219.1
Project("{FAE04EC0-301F-11D3-BF4B-00C04F79EFBC}") = "Identity_Api", "Identity_Api\Identity_Api.csproj", "{E0CB2BEB-DF95-46CB-8734-ED730EB129CA}"
EndProject
Project("{FAE04EC0-301F-11D3-BF4B-00C04F79EFBC}") = "Data", "Data\Data.csproj", "{3155BC75-EF1B-4760-8E19-E160C660A1E1}"
EndProject
Global
	GlobalSection(SolutionConfigurationPlatforms) = preSolution
		Debug|Any CPU = Debug|Any CPU
		Release|Any CPU = Release|Any CPU
	EndGlobalSection
	GlobalSection(ProjectConfigurationPlatforms) = postSolution
		{E0CB2BEB-DF95-46CB-8734-ED730EB129CA}.Debug|Any CPU.ActiveCfg = Debug|Any CPU
		{E0CB2BEB-DF95-46CB-8734-ED730EB129CA}.Debug|Any CPU.Build.0 = Debug|Any CPU
		{E0CB2BEB-DF95-46CB-8734-ED730EB129CA}.Release|Any CPU.ActiveCfg = Release|Any CPU
		{E0CB2BEB-DF95-46CB-8734-ED730EB129CA}.Release|Any CPU.Build.0 = Release|Any CPU
		{3155BC75-EF1B-4760-8E19-E160C660A1E1}.Debug|Any CPU.ActiveCfg = Debug|Any CPU
		{3155BC75-EF1B-4760-8E19-E160C660A1E1}.Debug|Any CPU.Build.0 = Debug|Any CPU
		{3155BC75-EF1B-4760-8E19-E160C660A1E1}.Release|Any CPU.ActiveCfg = Release|Any CPU
		{3155BC75-EF1B-4760-8E19-E160C660A1E1}.Release|Any CPU.Build.0 = Release|Any CPU
	EndGlobalSection
	GlobalSection(SolutionProperties) = preSolution
		HideSolutionNode = FALSE
	EndGlobalSection
	GlobalSection(ExtensibilityGlobals) = postSolution
		SolutionGuid = {180D0324-3651-48FA-A0B4-5CF169D0CD68}
	EndGlobalSection
EndGlobal
